
Microsoft Visual Studio Solution File, Format Version 12.00
# Visual Studio 2012
Project("{8BC9CEB8-8B4A-11D0-8D11-00A0C91BC942}") = "palindrome", "palindrome.vcxproj", "{BB2487B5-3D7C-4FB8-AF6F-3D9045460C55}"
EndProject
Global
	GlobalSection(SolutionConfigurationPlatforms) = preSolution
		Debug|Win32 = Debug|Win32
		Release|Win32 = Release|Win32
	EndGlobalSection
	GlobalSection(ProjectConfigurationPlatforms) = postSolution
		{BB2487B5-3D7C-4FB8-AF6F-3D9045460C55}.Debug|Win32.ActiveCfg = Debug|Win32
		{BB2487B5-3D7C-4FB8-AF6F-3D9045460C55}.Debug|Win32.Build.0 = Debug|Win32
		{BB2487B5-3D7C-4FB8-AF6F-3D9045460C55}.Release|Win32.ActiveCfg = Release|Win32
		{BB2487B5-3D7C-4FB8-AF6F-3D9045460C55}.Release|Win32.Build.0 = Release|Win32
	EndGlobalSection
	GlobalSection(SolutionProperties) = preSolution
		HideSolutionNode = FALSE
	EndGlobalSection
EndGlobal
