
Microsoft Visual Studio Solution File, Format Version 12.00
# Visual Studio 2012
Project("{8BC9CEB8-8B4A-11D0-8D11-00A0C91BC942}") = "ConsoleApplication3", "ConsoleApplication3\ConsoleApplication3.vcxproj", "{72E7AEAF-CFC8-4220-A27C-A54A4356F38D}"
EndProject
Global
	GlobalSection(SolutionConfigurationPlatforms) = preSolution
		Debug|Win32 = Debug|Win32
		Release|Win32 = Release|Win32
	EndGlobalSection
	GlobalSection(ProjectConfigurationPlatforms) = postSolution
		{72E7AEAF-CFC8-4220-A27C-A54A4356F38D}.Debug|Win32.ActiveCfg = Debug|Win32
		{72E7AEAF-CFC8-4220-A27C-A54A4356F38D}.Debug|Win32.Build.0 = Debug|Win32
		{72E7AEAF-CFC8-4220-A27C-A54A4356F38D}.Release|Win32.ActiveCfg = Release|Win32
		{72E7AEAF-CFC8-4220-A27C-A54A4356F38D}.Release|Win32.Build.0 = Release|Win32
	EndGlobalSection
	GlobalSection(SolutionProperties) = preSolution
		HideSolutionNode = FALSE
	EndGlobalSection
EndGlobal
